{
    "_readme": [
        "This file locks the dependencies of your project to a known state",
        "Read more about it at https://getcomposer.org/doc/01-basic-usage.md#composer-lock-the-lock-file",
        "This file is @generated automatically"
    ],
    "hash": "3d9009bc2bbaa8642a03c4a50ef76e84",
    "content-hash": "b12b8f875e74f72f482200002837ea86",
    "packages": [
        {
            "name": "adambrett/shell-wrapper",
            "version": "0.6",
            "source": {
                "type": "git",
                "url": "https://github.com/adambrett/php-shell-wrapper.git",
                "reference": "1526fbbb6756843440fc074dc1118df714ad0eb3"
            },
            "dist": {
                "type": "zip",
                "url": "https://api.github.com/repos/adambrett/php-shell-wrapper/zipball/1526fbbb6756843440fc074dc1118df714ad0eb3",
                "reference": "1526fbbb6756843440fc074dc1118df714ad0eb3",
                "shasum": ""
            },
            "require-dev": {
                "covex-nn/phpcb": "*@dev",
                "fzaninotto/faker": "*@dev",
                "mockery/mockery": "*@dev",
                "pdepend/pdepend": "*@dev",
                "phploc/phploc": "*@dev",
                "phpmd/phpmd": "*@dev",
                "phpunit/phpunit": "*@dev",
                "sebastian/phpcpd": "*@dev",
                "squizlabs/php_codesniffer": "*@dev"
            },
            "type": "library",
            "autoload": {
                "psr-4": {
                    "AdamBrett\\ShellWrapper\\": "src"
                }
            },
            "notification-url": "https://packagist.org/downloads/",
            "license": [
                "BDS-3-Clause"
            ],
            "authors": [
                {
                    "name": "Adam Brett",
                    "email": "adam@adambrett.co.uk"
                }
            ],
            "description": "An object oriented wrapper for shell commands",
            "time": "2015-11-04 10:26:58"
        },
        {
            "name": "symfony/yaml",
            "version": "v3.0.3",
            "source": {
                "type": "git",
                "url": "https://github.com/symfony/yaml.git",
                "reference": "b5ba64cd67ecd6887f63868fa781ca094bd1377c"
            },
            "dist": {
                "type": "zip",
                "url": "https://api.github.com/repos/symfony/yaml/zipball/b5ba64cd67ecd6887f63868fa781ca094bd1377c",
                "reference": "b5ba64cd67ecd6887f63868fa781ca094bd1377c",
                "shasum": ""
            },
            "require": {
                "php": ">=5.5.9"
            },
            "type": "library",
            "extra": {
                "branch-alias": {
                    "dev-master": "3.0-dev"
                }
            },
            "autoload": {
                "psr-4": {
                    "Symfony\\Component\\Yaml\\": ""
                },
                "exclude-from-classmap": [
                    "/Tests/"
                ]
            },
            "notification-url": "https://packagist.org/downloads/",
            "license": [
                "MIT"
            ],
            "authors": [
                {
                    "name": "Fabien Potencier",
                    "email": "fabien@symfony.com"
                },
                {
                    "name": "Symfony Community",
                    "homepage": "https://symfony.com/contributors"
                }
            ],
            "description": "Symfony Yaml Component",
            "homepage": "https://symfony.com",
            "time": "2016-02-23 15:16:06"
        }
    ],
    "packages-dev": [
        {
            "name": "smalot/expect",
            "version": "v0.1",
            "source": {
                "type": "git",
                "url": "https://github.com/smalot/expect.git",
                "reference": "2d4dc3e179aee7e9a0fb91c3bec39f07c4bce399"
            },
            "dist": {
                "type": "zip",
                "url": "https://api.github.com/repos/smalot/expect/zipball/2d4dc3e179aee7e9a0fb91c3bec39f07c4bce399",
                "reference": "2d4dc3e179aee7e9a0fb91c3bec39f07c4bce399",
                "shasum": ""
            },
            "type": "library",
            "autoload": {
                "psr-4": {
                    "Smalot\\Expect\\": "src/Smalot/Expect"
                }
            },
            "notification-url": "https://packagist.org/downloads/",
            "license": [
                "MIT"
            ],
            "authors": [
                {
                    "name": "Sebastien Malot",
                    "email": "sebastien@malot.fr"
                }
            ],
            "description": "Allows to interact with processes through PTY.",
            "time": "2015-03-20 00:37:27"
        }
    ],
    "aliases": [],
    "minimum-stability": "stable",
    "stability-flags": [],
    "prefer-stable": false,
    "prefer-lowest": false,
    "platform": [],
    "platform-dev": []
}
